<Solution>
  <Folder Name="/src/">
    <Project Path="src/AzureDevOps.Core/AzureDevOps.Core.csproj" />
    <Project Path="src/AzureDevOps.DesktopManager/AzureDevOps.DesktopManager.csproj" />
    <Project Path="src/AzureDevOps.IngestionWorker/AzureDevOps.IngestionWorker.csproj" />
    <Project Path="src/AzureDevOps.MockServer/AzureDevOps.MockServer.csproj" />
    <Project Path="src/AzureDevOps.SandboxCLI/AzureDevOps.SandboxCLI.csproj" />
  </Folder>
  <Folder Name="/tests/">
    <Project Path="tests/AzureDevOps.Tests/AzureDevOps.Tests.csproj" />
  </Folder>
</Solution>
